
Microsoft Visual Studio Solution File, Format Version 12.00
# Visual Studio Version 17
VisualStudioVersion = 17.12.35707.178
MinimumVisualStudioVersion = 10.0.40219.1
Project("{FAE04EC0-301F-11D3-BF4B-00C04F79EFBC}") = "pyragix-net", "pyragix-net\pyragix-net.csproj", "{5F6A4DA5-B583-4452-81DA-DE2E506E4BE1}"
EndProject
Project("{FAE04EC0-301F-11D3-BF4B-00C04F79EFBC}") = "pyragix-net-console", "pyragix-net-console\pyragix-net-console.csproj", "{BDA5C7DF-84E3-4CDF-A37D-51293955B5A4}"
EndProject
Project("{FAE04EC0-301F-11D3-BF4B-00C04F79EFBC}") = "PyRagix.Net.Tests", "PyRagix.Net.Tests\PyRagix.Net.Tests.csproj", "{BCC85FBC-4D12-4533-8403-FBEEB5924984}"
EndProject
Global
	GlobalSection(SolutionConfigurationPlatforms) = preSolution
		Debug|Any CPU = Debug|Any CPU
		Release|Any CPU = Release|Any CPU
	EndGlobalSection
	GlobalSection(ProjectConfigurationPlatforms) = postSolution
		{5F6A4DA5-B583-4452-81DA-DE2E506E4BE1}.Debug|Any CPU.ActiveCfg = Debug|Any CPU
		{5F6A4DA5-B583-4452-81DA-DE2E506E4BE1}.Debug|Any CPU.Build.0 = Debug|Any CPU
		{5F6A4DA5-B583-4452-81DA-DE2E506E4BE1}.Release|Any CPU.ActiveCfg = Release|Any CPU
		{5F6A4DA5-B583-4452-81DA-DE2E506E4BE1}.Release|Any CPU.Build.0 = Release|Any CPU
		{BDA5C7DF-84E3-4CDF-A37D-51293955B5A4}.Debug|Any CPU.ActiveCfg = Debug|Any CPU
		{BDA5C7DF-84E3-4CDF-A37D-51293955B5A4}.Debug|Any CPU.Build.0 = Debug|Any CPU
		{BDA5C7DF-84E3-4CDF-A37D-51293955B5A4}.Release|Any CPU.ActiveCfg = Release|Any CPU
		{BDA5C7DF-84E3-4CDF-A37D-51293955B5A4}.Release|Any CPU.Build.0 = Release|Any CPU
		{BCC85FBC-4D12-4533-8403-FBEEB5924984}.Debug|Any CPU.ActiveCfg = Debug|Any CPU
		{BCC85FBC-4D12-4533-8403-FBEEB5924984}.Debug|Any CPU.Build.0 = Debug|Any CPU
		{BCC85FBC-4D12-4533-8403-FBEEB5924984}.Release|Any CPU.ActiveCfg = Release|Any CPU
		{BCC85FBC-4D12-4533-8403-FBEEB5924984}.Release|Any CPU.Build.0 = Release|Any CPU
	EndGlobalSection
	GlobalSection(SolutionProperties) = preSolution
		HideSolutionNode = FALSE
	EndGlobalSection
EndGlobal
